
Microsoft Visual Studio Solution File, Format Version 12.00
Project("{FAE04EC0-301F-11D3-BF4B-00C04F79EFBC}") = "WebApplication1", "WebApplication1\WebApplication1.csproj", "{B1ECC4A0-EA4F-429D-BE0E-7D04B2D8E15F}"
EndProject
Global
	GlobalSection(SolutionConfigurationPlatforms) = preSolution
		Debug|Any CPU = Debug|Any CPU
		Release|Any CPU = Release|Any CPU
	EndGlobalSection
	GlobalSection(ProjectConfigurationPlatforms) = postSolution
		{B1ECC4A0-EA4F-429D-BE0E-7D04B2D8E15F}.Debug|Any CPU.ActiveCfg = Debug|Any CPU
		{B1ECC4A0-EA4F-429D-BE0E-7D04B2D8E15F}.Debug|Any CPU.Build.0 = Debug|Any CPU
		{B1ECC4A0-EA4F-429D-BE0E-7D04B2D8E15F}.Release|Any CPU.ActiveCfg = Release|Any CPU
		{B1ECC4A0-EA4F-429D-BE0E-7D04B2D8E15F}.Release|Any CPU.Build.0 = Release|Any CPU
	EndGlobalSection
EndGlobal
